{
  "version": "5",
  "specifiers": {
    "npm:@x402/evm@^2.4.0": "2.4.0_zod@3.25.76",
    "npm:@x402/fetch@^2.4.0": "2.4.0_zod@3.25.76",
    "npm:viem@2.46.2": "2.46.2_ws@8.18.3"
  },
  "npm": {
    "@adraffy/ens-normalize@1.10.1": {
      "integrity": "sha512-96Z2IP3mYmF1Xg2cDm8f1gWGf/HUVedQ3FMifV4kG/PQ4yEP51xDtRAEfhVNt5f/uzpNkZHwWQuUcu6D6K+Ekw=="
    },
    "@adraffy/ens-normalize@1.11.1": {
      "integrity": "sha512-nhCBV3quEgesuf7c7KYfperqSS14T8bYuvJ8PcLJp6znkZpFc0AuW4qBtr8eKVyPPe/8RSr7sglCWPU5eaxwKQ=="
    },
    "@noble/ciphers@1.3.0": {
      "integrity": "sha512-2I0gnIVPtfnMw9ee9h1dJG7tp81+8Ob3OJb3Mv37rx5L40/b0i7djjCVvGOVqc9AEIQyvyu1i6ypKdFw8R8gQw=="
    },
    "@noble/curves@1.2.0": {
      "integrity": "sha512-oYclrNgRaM9SsBUBVbb8M6DTV7ZHRTKugureoYEncY5c65HOmRzvSiTE3y5CYaPYJA/GVkrhXEoF0M3Ya9PMnw==",
      "dependencies": [
        "@noble/hashes@1.3.2"
      ]
    },
    "@noble/curves@1.9.1": {
      "integrity": "sha512-k11yZxZg+t+gWvBbIswW0yoJlu8cHOC7dhunwOzoWH/mXGBiYyR4YY6hAEK/3EUs4UpB8la1RfdRpeGsFHkWsA==",
      "dependencies": [
        "@noble/hashes@1.8.0"
      ]
    },
    "@noble/hashes@1.3.2": {
      "integrity": "sha512-MVC8EAQp7MvEcm30KWENFjgR+Mkmf+D189XJTkFIlwohU5hcBbn1ZkKq7KVTi2Hme3PMGF390DaL52beVrIihQ=="
    },
    "@noble/hashes@1.8.0": {
      "integrity": "sha512-jCs9ldd7NwzpgXDIf6P3+NrHh9/sD6CQdxHyjQI+h/6rDNo88ypBxxz45UDuZHz9r3tNz7N/VInSVoVdtXEI4A=="
    },
    "@scure/base@1.2.6": {
      "integrity": "sha512-g/nm5FgUa//MCj1gV09zTJTaM6KBAHqLN907YVQqf7zC49+DcO4B1so4ZX07Ef10Twr6nuqYEH9GEggFXA4Fmg=="
    },
    "@scure/bip32@1.7.0": {
      "integrity": "sha512-E4FFX/N3f4B80AKWp5dP6ow+flD1LQZo/w8UnLGYZO674jS6YnYeepycOOksv+vLPSpgN35wgKgy+ybfTb2SMw==",
      "dependencies": [
        "@noble/curves@1.9.1",
        "@noble/hashes@1.8.0",
        "@scure/base"
      ]
    },
    "@scure/bip39@1.6.0": {
      "integrity": "sha512-+lF0BbLiJNwVlev4eKelw1WWLaiKXw7sSl8T6FvBlWkdX+94aGJ4o8XjUdlyhTCjd8c+B3KT3JfS8P0bLRNU6A==",
      "dependencies": [
        "@noble/hashes@1.8.0",
        "@scure/base"
      ]
    },
    "@spruceid/siwe-parser@2.1.2": {
      "integrity": "sha512-d/r3S1LwJyMaRAKQ0awmo9whfXeE88Qt00vRj91q5uv5ATtWIQEGJ67Yr5eSZw5zp1/fZCXZYuEckt8lSkereQ==",
      "dependencies": [
        "@noble/hashes@1.8.0",
        "apg-js",
        "uri-js",
        "valid-url"
      ]
    },
    "@stablelib/binary@1.0.1": {
      "integrity": "sha512-ClJWvmL6UBM/wjkvv/7m5VP3GMr9t0osr4yVgLZsLCOz4hGN9gIAFEqnJ0TsSMAN+n840nf2cHZnA5/KFqHC7Q==",
      "dependencies": [
        "@stablelib/int"
      ]
    },
    "@stablelib/int@1.0.1": {
      "integrity": "sha512-byr69X/sDtDiIjIV6m4roLVWnNNlRGzsvxw+agj8CIEazqWGOQp2dTYgQhtyVXV9wpO6WyXRQUzLV/JRNumT2w=="
    },
    "@stablelib/random@1.0.2": {
      "integrity": "sha512-rIsE83Xpb7clHPVRlBj8qNe5L8ISQOzjghYQm/dZ7VaM2KHYwMW5adjQjrzTZCchFnNCNhkwtnOBa9HTMJCI8w==",
      "dependencies": [
        "@stablelib/binary",
        "@stablelib/wipe"
      ]
    },
    "@stablelib/wipe@1.0.1": {
      "integrity": "sha512-WfqfX/eXGiAd3RJe4VU2snh/ZPwtSjLG4ynQ/vYzvghTh7dHFcI1wl+nrkWG6lGhukOxOsUHfv8dUXr58D0ayg=="
    },
    "@types/node@22.7.5": {
      "integrity": "sha512-jML7s2NAzMWc//QSJ1a3prpk78cOPchGvXJsC3C6R6PSMoooztvRVQEz89gmBTBY1SPMaqo5teB4uNHPdetShQ==",
      "dependencies": [
        "undici-types"
      ]
    },
    "@x402/core@2.4.0": {
      "integrity": "sha512-g4K5dAVjevQftxCcpFlUDjO2AHE43FkO43VxwLCQ8ET3ki4aj2fzCcgvnXEj2eloJoocFS/Evt4pSTnP/4cFJw==",
      "dependencies": [
        "zod"
      ]
    },
    "@x402/evm@2.4.0_zod@3.25.76": {
      "integrity": "sha512-k9qIEhJ5m8jZLPA44hcLEP9I1WC8nF375A7pX/3XGPA+H2UPUoY8fzBaQA2U+4lMv/eIyfz05klSj/8LzP1saA==",
      "dependencies": [
        "@x402/core",
        "@x402/extensions",
        "viem@2.46.2_zod@3.25.76_ws@8.18.3",
        "zod"
      ]
    },
    "@x402/extensions@2.4.0_zod@3.25.76": {
      "integrity": "sha512-tg/mSAS+NgwUaOdjt8agSjVkO1s9NYy+kSPubVlZf/Fy884qu7dSW81Ixu1NRYEz+vBk0rtz6b+eEvS0v72tMQ==",
      "dependencies": [
        "@scure/base",
        "@x402/core",
        "ajv",
        "siwe",
        "tweetnacl",
        "viem@2.46.2_zod@3.25.76_ws@8.18.3",
        "zod"
      ]
    },
    "@x402/fetch@2.4.0_zod@3.25.76": {
      "integrity": "sha512-OOMaPAT85qcKnKWRvB4zZlC/CUod0YogCpbLmi555Puxeh7u69mA30MWkNsyzMfhKS1y+GHiG9eZZbpYFmLMTg==",
      "dependencies": [
        "@x402/core",
        "viem@2.46.2_zod@3.25.76_ws@8.18.3",
        "zod"
      ]
    },
    "abitype@1.2.3_zod@3.25.76": {
      "integrity": "sha512-Ofer5QUnuUdTFsBRwARMoWKOH1ND5ehwYhJ3OJ/BQO+StkwQjHw0XyVh4vDttzHB7QOFhPHa/o413PJ82gU/Tg==",
      "dependencies": [
        "zod"
      ],
      "optionalPeers": [
        "zod"
      ]
    },
    "aes-js@4.0.0-beta.5": {
      "integrity": "sha512-G965FqalsNyrPqgEGON7nIx1e/OVENSgiEIzyC63haUMuvNnwIgIjMs52hlTCKhkBny7A2ORNlfY9Zu+jmGk1Q=="
    },
    "ajv@8.18.0": {
      "integrity": "sha512-PlXPeEWMXMZ7sPYOHqmDyCJzcfNrUr3fGNKtezX14ykXOEIvyK81d+qydx89KY5O71FKMPaQ2vBfBFI5NHR63A==",
      "dependencies": [
        "fast-deep-equal",
        "fast-uri",
        "json-schema-traverse",
        "require-from-string"
      ]
    },
    "apg-js@4.4.0": {
      "integrity": "sha512-fefmXFknJmtgtNEXfPwZKYkMFX4Fyeyz+fNF6JWp87biGOPslJbCBVU158zvKRZfHBKnJDy8CMM40oLFGkXT8Q=="
    },
    "ethers@6.16.0": {
      "integrity": "sha512-U1wulmetNymijEhpSEQ7Ct/P/Jw9/e7R1j5XIbPRydgV2DjLVMsULDlNksq3RQnFgKoLlZf88ijYtWEXcPa07A==",
      "dependencies": [
        "@adraffy/ens-normalize@1.10.1",
        "@noble/curves@1.2.0",
        "@noble/hashes@1.3.2",
        "@types/node",
        "aes-js",
        "tslib",
        "ws@8.17.1"
      ]
    },
    "eventemitter3@5.0.1": {
      "integrity": "sha512-GWkBvjiSZK87ELrYOSESUYeVIc9mvLLf/nXalMOS5dYrgZq9o5OVkbZAVM06CVxYsCwH9BDZFPlQTlPA1j4ahA=="
    },
    "fast-deep-equal@3.1.3": {
      "integrity": "sha512-f3qQ9oQy9j2AhBe/H9VC91wLmKBCCU/gDOnKNAYG5hswO7BLKj09Hc5HYNz9cGI++xlpDCIgDaitVs03ATR84Q=="
    },
    "fast-uri@3.1.0": {
      "integrity": "sha512-iPeeDKJSWf4IEOasVVrknXpaBV0IApz/gp7S2bb7Z4Lljbl2MGJRqInZiUrQwV16cpzw/D3S5j5Julj/gT52AA=="
    },
    "isows@1.0.7_ws@8.18.3": {
      "integrity": "sha512-I1fSfDCZL5P0v33sVqeTDSpcstAg/N+wF5HS033mogOVIp4B+oHC7oOCsA3axAbBSGTJ8QubbNmnIRN/h8U7hg==",
      "dependencies": [
        "ws@8.18.3"
      ]
    },
    "json-schema-traverse@1.0.0": {
      "integrity": "sha512-NM8/P9n3XjXhIZn1lLhkFaACTOURQXjWhV4BA/RnOv8xvgqtqpAX9IO4mRQxSx1Rlo4tqzeqb0sOlruaOy3dug=="
    },
    "ox@0.12.4": {
      "integrity": "sha512-+P+C7QzuwPV8lu79dOwjBKfB2CbnbEXe/hfyyrff1drrO1nOOj3Hc87svHfcW1yneRr3WXaKr6nz11nq+/DF9Q==",
      "dependencies": [
        "@adraffy/ens-normalize@1.11.1",
        "@noble/ciphers",
        "@noble/curves@1.9.1",
        "@noble/hashes@1.8.0",
        "@scure/bip32",
        "@scure/bip39",
        "abitype",
        "eventemitter3"
      ]
    },
    "ox@0.12.4_zod@3.25.76": {
      "integrity": "sha512-+P+C7QzuwPV8lu79dOwjBKfB2CbnbEXe/hfyyrff1drrO1nOOj3Hc87svHfcW1yneRr3WXaKr6nz11nq+/DF9Q==",
      "dependencies": [
        "@adraffy/ens-normalize@1.11.1",
        "@noble/ciphers",
        "@noble/curves@1.9.1",
        "@noble/hashes@1.8.0",
        "@scure/bip32",
        "@scure/bip39",
        "abitype",
        "eventemitter3"
      ]
    },
    "punycode@2.3.1": {
      "integrity": "sha512-vYt7UD1U9Wg6138shLtLOvdAu+8DsC/ilFtEVHcH+wydcSpNE20AfSOduf6MkRFahL5FY7X1oU7nKVZFtfq8Fg=="
    },
    "require-from-string@2.0.2": {
      "integrity": "sha512-Xf0nWe6RseziFMu+Ap9biiUbmplq6S9/p+7w7YXP/JBHhrUDDUhwa+vANyubuqfZWTveU//DYVGsDG7RKL/vEw=="
    },
    "siwe@2.3.2_ethers@6.16.0": {
      "integrity": "sha512-aSf+6+Latyttbj5nMu6GF3doMfv2UYj83hhwZgUF20ky6fTS83uVhkQABdIVnEuS8y1bBdk7p6ltb9SmlhTTlA==",
      "dependencies": [
        "@spruceid/siwe-parser",
        "@stablelib/random",
        "ethers",
        "uri-js",
        "valid-url"
      ]
    },
    "tslib@2.7.0": {
      "integrity": "sha512-gLXCKdN1/j47AiHiOkJN69hJmcbGTHI0ImLmbYLHykhgeN0jVGola9yVjFgzCUklsZQMW55o+dW7IXv3RCXDzA=="
    },
    "tweetnacl@1.0.3": {
      "integrity": "sha512-6rt+RN7aOi1nGMyC4Xa5DdYiukl2UWCbcJft7YhxReBGQD7OAM8Pbxw6YMo4r2diNEA8FEmu32YOn9rhaiE5yw=="
    },
    "undici-types@6.19.8": {
      "integrity": "sha512-ve2KP6f/JnbPBFyobGHuerC9g1FYGn/F8n1LWTwNxCEzd6IfqTwUQcNXgEtmmQ6DlRrC1hrSrBnCZPokRrDHjw=="
    },
    "uri-js@4.4.1": {
      "integrity": "sha512-7rKUyy33Q1yc98pQ1DAmLtwX109F7TIfWlW1Ydo8Wl1ii1SeHieeh0HHfPeL2fMXK6z0s8ecKs9frCuLJvndBg==",
      "dependencies": [
        "punycode"
      ]
    },
    "valid-url@1.0.9": {
      "integrity": "sha512-QQDsV8OnSf5Uc30CKSwG9lnhMPe6exHtTXLRYX8uMwKENy640pU+2BgBL0LRbDh/eYRahNCS7aewCx0wf3NYVA=="
    },
    "viem@2.46.2_ws@8.18.3": {
      "integrity": "sha512-w8Qv5Vyo7TfXcH3vgmxRa1NRvzJCDy2aSGSRsJn3503nC/qVbgEQ+n3aj/CkqWXbloudZh97h5o5aQrQSVGy0w==",
      "dependencies": [
        "@noble/curves@1.9.1",
        "@noble/hashes@1.8.0",
        "@scure/bip32",
        "@scure/bip39",
        "abitype",
        "isows",
        "ox@0.12.4",
        "ws@8.18.3"
      ]
    },
    "viem@2.46.2_zod@3.25.76_ws@8.18.3": {
      "integrity": "sha512-w8Qv5Vyo7TfXcH3vgmxRa1NRvzJCDy2aSGSRsJn3503nC/qVbgEQ+n3aj/CkqWXbloudZh97h5o5aQrQSVGy0w==",
      "dependencies": [
        "@noble/curves@1.9.1",
        "@noble/hashes@1.8.0",
        "@scure/bip32",
        "@scure/bip39",
        "abitype",
        "isows",
        "ox@0.12.4_zod@3.25.76",
        "ws@8.18.3"
      ]
    },
    "ws@8.17.1": {
      "integrity": "sha512-6XQFvXTkbfUOZOKKILFG1PDK2NDQs4azKQl26T0YS5CxqWLgXajbPZ+h4gZekJyRqFU8pvnbAbbs/3TgRPy+GQ=="
    },
    "ws@8.18.3": {
      "integrity": "sha512-PEIGCY5tSlUt50cqyMXfCzX+oOPqN0vuGqWzbcJ2xvnkzkq46oOpz7dQaTDBdfICb4N14+GARUDw2XV2N4tvzg=="
    },
    "zod@3.25.76": {
      "integrity": "sha512-gzUt/qt81nXsFGKIFcC3YnfEAx5NkunCfnDlvuBSSFS02bcXu4Lmea0AFIUwbLWxWPx3d9p8S5QoaujKcNQxcQ=="
    }
  },
  "remote": {
    "https://deno.land/std@0.224.0/dotenv/mod.ts": "0180eaeedaaf88647318811cdaa418cc64dc51fb08354f91f5f480d0a1309f7d",
    "https://deno.land/std@0.224.0/dotenv/parse.ts": "09977ff88dfd1f24f9973a338f0f91bbdb9307eb5ff6085446e7c423e4c7ba0c",
    "https://deno.land/std@0.224.0/dotenv/stringify.ts": "275da322c409170160440836342eaa7cf012a1d11a7e700d8ca4e7f2f8aa4615"
  }
}
